<?xml version="1.0" encoding="utf-8"?>
<Project ToolsVersion="4.0" xmlns="http://schemas.microsoft.com/developer/msbuild/2003">
  <ItemGroup>
    <Filter Include="Source Files">
      <UniqueIdentifier>{4FC737F1-C7A5-4376-A066-2A32D752A2FF}</UniqueIdentifier>
      <Extensions>cpp;c;cc;cxx;c++;cppm;ixx;def;odl;idl;hpj;bat;asm;asmx</Extensions>
    </Filter>
    <Filter Include="Header Files">
      <UniqueIdentifier>{93995380-89BD-4b04-88EB-625FBE52EBFB}</UniqueIdentifier>
      <Extensions>h;hh;hpp;hxx;h++;hm;inl;inc;ipp;xsd</Extensions>
    </Filter>
    <Filter Include="Library">
      <UniqueIdentifier>{3d7e34a8-a252-4f7f-bbd3-41396e59bf95}</UniqueIdentifier>
    </Filter>
    <Filter Include="Library\imgui">
      <UniqueIdentifier>{b7e2576b-e57b-442f-bf9a-892e84086d9b}</UniqueIdentifier>
    </Filter>
    <Filter Include="Library\detours">
      <UniqueIdentifier>{2907b1f8-0ed6-4cfb-aa81-aab3d9792be8}</UniqueIdentifier>
    </Filter>
    <Filter Include="Library\kiero">
      <UniqueIdentifier>{aedf2a1b-f8dc-497d-9038-346ad86d5379}</UniqueIdentifier>
    </Filter>
  </ItemGroup>
  <ItemGroup>
    <ClInclude Include="library\kiero\kiero.h">
      <Filter>Library\kiero</Filter>
    </ClInclude>
    <ClInclude Include="library\detours\detours.h">
      <Filter>Library\detours</Filter>
    </ClInclude>
    <ClInclude Include="library\detours\HookManager.h">
      <Filter>Library\detours</Filter>
    </ClInclude>
    <ClInclude Include="library\imgui\imconfig.h">
      <Filter>Library\imgui</Filter>
    </ClInclude>
    <ClInclude Include="library\imgui\imgui.h">
      <Filter>Library\imgui</Filter>
    </ClInclude>
    <ClInclude Include="library\imgui\imgui_impl_dx11.h">
      <Filter>Library\imgui</Filter>
    </ClInclude>
    <ClInclude Include="library\imgui\imgui_impl_win32.h">
      <Filter>Library\imgui</Filter>
    </ClInclude>
    <ClInclude Include="library\imgui\imgui_internal.h">
      <Filter>Library\imgui</Filter>
    </ClInclude>
    <ClInclude Include="library\imgui\imstb_rectpack.h">
      <Filter>Library\imgui</Filter>
    </ClInclude>
    <ClInclude Include="library\imgui\imstb_textedit.h">
      <Filter>Library\imgui</Filter>
    </ClInclude>
    <ClInclude Include="library\imgui\imstb_truetype.h">
      <Filter>Library\imgui</Filter>
    </ClInclude>
    <ClInclude Include="src\game\config\config.h">
      <Filter>Header Files</Filter>
    </ClInclude>
    <ClInclude Include="src\gui\fonts\Roboto_font.h">
      <Filter>Header Files</Filter>
    </ClInclude>
    <ClInclude Include="src\game\features\inspector\inspector.h">
      <Filter>Header Files</Filter>
    </ClInclude>
    <ClInclude Include="src\game\features\inspector\assembly_explorer.h">
      <Filter>Header Files</Filter>
    </ClInclude>
    <ClInclude Include="src\game\features\inspector\field_editor.h">
      <Filter>Header Files</Filter>
    </ClInclude>
    <ClInclude Include="library\xorstr\xorstr.hpp">
      <Filter>Header Files</Filter>
    </ClInclude>
    <ClInclude Include="src\game\helper\helper.h">
      <Filter>Header Files</Filter>
    </ClInclude>
    <ClInclude Include="src\game\hooks\hooks.h">
      <Filter>Header Files</Filter>
    </ClInclude>

    <ClInclude Include="src\game\hooks\console_hooks.h">
      <Filter>Header Files</Filter>
    </ClInclude>
    <ClInclude Include="src\game\hooks\quit_hooks.h">
      <Filter>Header Files</Filter>
    </ClInclude>
    <ClInclude Include="src\game\hooks\steam_hooks.h">
      <Filter>Header Files</Filter>
    </ClInclude>
    <ClInclude Include="library\console\Console.hpp">
      <Filter>Header Files</Filter>
    </ClInclude>
    <ClInclude Include="library\d3d11hook\d3d11hook.hpp">
      <Filter>Header Files</Filter>
    </ClInclude>
    <ClInclude Include="library\json\json.hpp">
      <Filter>Header Files</Filter>
    </ClInclude>
    <ClInclude Include="library\unityresolve\UnityResolve.hpp">
      <Filter>Header Files</Filter>
    </ClInclude>
    <ClInclude Include="src\gui\menu\menu.h">
      <Filter>Header Files</Filter>
    </ClInclude>
    <ClInclude Include="src\gui\menu\info_tab.h">
      <Filter>Header Files</Filter>
    </ClInclude>
    <ClInclude Include="src\gui\menu\debug_tab.h">
      <Filter>Header Files</Filter>
    </ClInclude>
    <ClInclude Include="src\pch\pch.h">
      <Filter>Header Files</Filter>
    </ClInclude>
    <ClInclude Include="src\game\sdk\sdk.h">
      <Filter>Header Files</Filter>
    </ClInclude>
    <ClInclude Include="src\gui\window\window.h">
      <Filter>Header Files</Filter>
    </ClInclude>
    <ClInclude Include="src\gui\window\input_manager.h">
      <Filter>Header Files</Filter>
    </ClInclude>
    <ClInclude Include="src\game\core\core.h">
      <Filter>Header Files</Filter>
    </ClInclude>
    <ClInclude Include="src\game\features\Tests\Tests.h">
      <Filter>Header Files</Filter>
    </ClInclude>
    <ClInclude Include="src\game\types\struct.h">
      <Filter>Header Files</Filter>
    </ClInclude>
  </ItemGroup>
  <ItemGroup>
    <ClCompile Include="library\kiero\kiero.cpp">
      <Filter>Library\kiero</Filter>
    </ClCompile>
    <ClCompile Include="library\imgui\imgui.cpp">
      <Filter>Library\imgui</Filter>
    </ClCompile>
    <ClCompile Include="library\imgui\imgui_demo.cpp">
      <Filter>Library\imgui</Filter>
    </ClCompile>
    <ClCompile Include="library\imgui\imgui_draw.cpp">
      <Filter>Library\imgui</Filter>
    </ClCompile>
    <ClCompile Include="library\imgui\imgui_impl_dx11.cpp">
      <Filter>Library\imgui</Filter>
    </ClCompile>
    <ClCompile Include="library\imgui\imgui_impl_win32.cpp">
      <Filter>Library\imgui</Filter>
    </ClCompile>
    <ClCompile Include="library\imgui\imgui_tables.cpp">
      <Filter>Library\imgui</Filter>
    </ClCompile>
    <ClCompile Include="library\imgui\imgui_widgets.cpp">
      <Filter>Library\imgui</Filter>
    </ClCompile>
    <ClCompile Include="src\dllmain.cpp">
      <Filter>Source Files</Filter>
    </ClCompile>
    <ClCompile Include="src\gui\window\window.cpp">
      <Filter>Source Files</Filter>
    </ClCompile>
    <ClCompile Include="src\gui\window\input_manager.cpp">
      <Filter>Source Files</Filter>
    </ClCompile>
    <ClCompile Include="src\pch\pch.cpp">
      <Filter>Source Files</Filter>
    </ClCompile>
    <ClCompile Include="src\game\helper\helper.cpp">
      <Filter>Source Files</Filter>
    </ClCompile>
    <ClCompile Include="src\game\hooks\hooks.cpp">
      <Filter>Source Files</Filter>
    </ClCompile>
    <ClCompile Include="src\game\hooks\console_hooks.cpp">
      <Filter>Source Files</Filter>
    </ClCompile>
    <ClCompile Include="src\game\hooks\quit_hooks.cpp">
      <Filter>Source Files</Filter>
    </ClCompile>
    <ClCompile Include="src\game\hooks\steam_hooks.cpp">
      <Filter>Source Files</Filter>
    </ClCompile>
    <ClCompile Include="src\gui\menu\menu.cpp">
      <Filter>Source Files</Filter>
    </ClCompile>
    <ClCompile Include="src\gui\menu\info_tab.cpp">
      <Filter>Source Files</Filter>
    </ClCompile>
    <ClCompile Include="src\gui\menu\debug_tab.cpp">
      <Filter>Source Files</Filter>
    </ClCompile>
    <ClCompile Include="src\game\core\core.cpp">
      <Filter>Source Files</Filter>
    </ClCompile>
    <ClCompile Include="src\game\features\inspector\inspector.cpp">
      <Filter>Source Files</Filter>
    </ClCompile>
    <ClCompile Include="src\game\features\inspector\assembly_explorer.cpp">
      <Filter>Source Files</Filter>
    </ClCompile>
    <ClCompile Include="src\game\features\inspector\field_editor.cpp">
      <Filter>Source Files</Filter>
    </ClCompile>
    <ClCompile Include="src\game\features\Tests\Tests.cpp">
      <Filter>Source Files</Filter>
    </ClCompile>
  </ItemGroup>
  <ItemGroup>
    <Library Include="library\detours\[x64]detours.lib">
      <Filter>Library\detours</Filter>
    </Library>
    <Library Include="library\detours\[x86]detours.lib">
      <Filter>Library\detours</Filter>
    </Library>
  </ItemGroup>
</Project>